// !$*UTF8*$!
{
	archiveVersion = 1;
	classes = {
	};
	objectVersion = 46;
	objects = {

/* Begin PBXBuildFile section */
		9E6553DE1BF4BB96006F4AB4 /* main.m in Sources */ = {isa = PBXBuildFile; fileRef = 9E6553DD1BF4BB96006F4AB4 /* main.m */; };
		9E6553E11BF4BB96006F4AB4 /* AppDelegate.m in Sources */ = {isa = PBXBuildFile; fileRef = 9E6553E01BF4BB96006F4AB4 /* AppDelegate.m */; };
		9E6553E41BF4BB96006F4AB4 /* ChannelsTableViewController.m in Sources */ = {isa = PBXBuildFile; fileRef = 9E6553E31BF4BB96006F4AB4 /* ChannelsTableViewController.m */; };
		9E6553F71BF4BB96006F4AB4 /* simplechatTests.m in Sources */ = {isa = PBXBuildFile; fileRef = 9E6553F61BF4BB96006F4AB4 /* simplechatTests.m */; };
		9E65540B1BF73F0B006F4AB4 /* Channel.m in Sources */ = {isa = PBXBuildFile; fileRef = 9E65540A1BF73F0B006F4AB4 /* Channel.m */; };
		9E65540C1BF73F0B006F4AB4 /* Channel.m in Sources */ = {isa = PBXBuildFile; fileRef = 9E65540A1BF73F0B006F4AB4 /* Channel.m */; };
		9E65540F1BF73F42006F4AB4 /* User.m in Sources */ = {isa = PBXBuildFile; fileRef = 9E65540E1BF73F42006F4AB4 /* User.m */; };
		9E6554101BF73F42006F4AB4 /* User.m in Sources */ = {isa = PBXBuildFile; fileRef = 9E65540E1BF73F42006F4AB4 /* User.m */; };
		9E6554131BF73F57006F4AB4 /* Message.m in Sources */ = {isa = PBXBuildFile; fileRef = 9E6554121BF73F57006F4AB4 /* Message.m */; };
		9E6554141BF73F57006F4AB4 /* Message.m in Sources */ = {isa = PBXBuildFile; fileRef = 9E6554121BF73F57006F4AB4 /* Message.m */; };
		9E6554181BF741B6006F4AB4 /* ChatViewController.m in Sources */ = {isa = PBXBuildFile; fileRef = 9E6554161BF741B6006F4AB4 /* ChatViewController.m */; };
		9E6554191BF741B6006F4AB4 /* ChatViewController.m in Sources */ = {isa = PBXBuildFile; fileRef = 9E6554161BF741B6006F4AB4 /* ChatViewController.m */; };
		9E65541E1BF74775006F4AB4 /* MessageTableViewCell.m in Sources */ = {isa = PBXBuildFile; fileRef = 9E65541D1BF74775006F4AB4 /* MessageTableViewCell.m */; };
		9E65541F1BF74775006F4AB4 /* MessageTableViewCell.m in Sources */ = {isa = PBXBuildFile; fileRef = 9E65541D1BF74775006F4AB4 /* MessageTableViewCell.m */; };
		9E6554261BF76A1E006F4AB4 /* HTTPResourcesManager.m in Sources */ = {isa = PBXBuildFile; fileRef = 9E6554251BF76A1E006F4AB4 /* HTTPResourcesManager.m */; };
		9E6554291BF77D02006F4AB4 /* PaginationData.m in Sources */ = {isa = PBXBuildFile; fileRef = 9E6554281BF77D02006F4AB4 /* PaginationData.m */; };
		9E65542C1BF8C4E9006F4AB4 /* NewChannelViewController.m in Sources */ = {isa = PBXBuildFile; fileRef = 9E65542B1BF8C4E9006F4AB4 /* NewChannelViewController.m */; };
		9EB7941C1BFB231300F351FB /* Label.m in Sources */ = {isa = PBXBuildFile; fileRef = 9EB7941B1BFB231300F351FB /* Label.m */; };
		9EB7942B1BFB5DB900F351FB /* LoginViewController.m in Sources */ = {isa = PBXBuildFile; fileRef = 9EB7942A1BFB5DB900F351FB /* LoginViewController.m */; };
		9EB7942E1BFB5DC800F351FB /* RegisterViewController.m in Sources */ = {isa = PBXBuildFile; fileRef = 9EB7942D1BFB5DC800F351FB /* RegisterViewController.m */; };
		9EB794641BFB99EE00F351FB /* Default-568h@2x.png in Resources */ = {isa = PBXBuildFile; fileRef = 9EB794601BFB97EA00F351FB /* Default-568h@2x.png */; };
		BBE39897F6BDFCD59769E251 /* libPods-simplechat.a in Frameworks */ = {isa = PBXBuildFile; fileRef = 2F740EB428AFC8E9706E4461 /* libPods-simplechat.a */; };
/* End PBXBuildFile section */

/* Begin PBXContainerItemProxy section */
		9E6553F31BF4BB96006F4AB4 /* PBXContainerItemProxy */ = {
			isa = PBXContainerItemProxy;
			containerPortal = 9E6553D11BF4BB96006F4AB4 /* Project object */;
			proxyType = 1;
			remoteGlobalIDString = 9E6553D81BF4BB96006F4AB4;
			remoteInfo = simplechat;
		};
/* End PBXContainerItemProxy section */

/* Begin PBXFileReference section */
		2F740EB428AFC8E9706E4461 /* libPods-simplechat.a */ = {isa = PBXFileReference; explicitFileType = archive.ar; includeInIndex = 0; path = "libPods-simplechat.a"; sourceTree = BUILT_PRODUCTS_DIR; };
		8D3E109FADC284FE5B0D30CC /* Pods-simplechat.debug.xcconfig */ = {isa = PBXFileReference; includeInIndex = 1; lastKnownFileType = text.xcconfig; name = "Pods-simplechat.debug.xcconfig"; path = "Pods/Target Support Files/Pods-simplechat/Pods-simplechat.debug.xcconfig"; sourceTree = "<group>"; };
		8E5F8231E56F685992EE4E4E /* Pods-simplechat.release.xcconfig */ = {isa = PBXFileReference; includeInIndex = 1; lastKnownFileType = text.xcconfig; name = "Pods-simplechat.release.xcconfig"; path = "Pods/Target Support Files/Pods-simplechat/Pods-simplechat.release.xcconfig"; sourceTree = "<group>"; };
		9E6553D91BF4BB96006F4AB4 /* simplechat.app */ = {isa = PBXFileReference; explicitFileType = wrapper.application; includeInIndex = 0; path = simplechat.app; sourceTree = BUILT_PRODUCTS_DIR; };
		9E6553DD1BF4BB96006F4AB4 /* main.m */ = {isa = PBXFileReference; lastKnownFileType = sourcecode.c.objc; path = main.m; sourceTree = "<group>"; };
		9E6553DF1BF4BB96006F4AB4 /* AppDelegate.h */ = {isa = PBXFileReference; lastKnownFileType = sourcecode.c.h; path = AppDelegate.h; sourceTree = "<group>"; };
		9E6553E01BF4BB96006F4AB4 /* AppDelegate.m */ = {isa = PBXFileReference; lastKnownFileType = sourcecode.c.objc; path = AppDelegate.m; sourceTree = "<group>"; };
		9E6553E21BF4BB96006F4AB4 /* ChannelsTableViewController.h */ = {isa = PBXFileReference; lastKnownFileType = sourcecode.c.h; path = ChannelsTableViewController.h; sourceTree = "<group>"; };
		9E6553E31BF4BB96006F4AB4 /* ChannelsTableViewController.m */ = {isa = PBXFileReference; lastKnownFileType = sourcecode.c.objc; path = ChannelsTableViewController.m; sourceTree = "<group>"; };
		9E6553ED1BF4BB96006F4AB4 /* Info.plist */ = {isa = PBXFileReference; lastKnownFileType = text.plist.xml; path = Info.plist; sourceTree = "<group>"; };
		9E6553F21BF4BB96006F4AB4 /* simplechatTests.xctest */ = {isa = PBXFileReference; explicitFileType = wrapper.cfbundle; includeInIndex = 0; path = simplechatTests.xctest; sourceTree = BUILT_PRODUCTS_DIR; };
		9E6553F61BF4BB96006F4AB4 /* simplechatTests.m */ = {isa = PBXFileReference; lastKnownFileType = sourcecode.c.objc; path = simplechatTests.m; sourceTree = "<group>"; };
		9E6554091BF73F0B006F4AB4 /* Channel.h */ = {isa = PBXFileReference; fileEncoding = 4; lastKnownFileType = sourcecode.c.h; path = Channel.h; sourceTree = "<group>"; };
		9E65540A1BF73F0B006F4AB4 /* Channel.m */ = {isa = PBXFileReference; fileEncoding = 4; lastKnownFileType = sourcecode.c.objc; path = Channel.m; sourceTree = "<group>"; };
		9E65540D1BF73F42006F4AB4 /* User.h */ = {isa = PBXFileReference; fileEncoding = 4; lastKnownFileType = sourcecode.c.h; path = User.h; sourceTree = "<group>"; };
		9E65540E1BF73F42006F4AB4 /* User.m */ = {isa = PBXFileReference; fileEncoding = 4; lastKnownFileType = sourcecode.c.objc; path = User.m; sourceTree = "<group>"; };
		9E6554111BF73F57006F4AB4 /* Message.h */ = {isa = PBXFileReference; fileEncoding = 4; lastKnownFileType = sourcecode.c.h; path = Message.h; sourceTree = "<group>"; };
		9E6554121BF73F57006F4AB4 /* Message.m */ = {isa = PBXFileReference; fileEncoding = 4; lastKnownFileType = sourcecode.c.objc; path = Message.m; sourceTree = "<group>"; };
		9E6554151BF741B6006F4AB4 /* ChatViewController.h */ = {isa = PBXFileReference; fileEncoding = 4; lastKnownFileType = sourcecode.c.h; path = ChatViewController.h; sourceTree = "<group>"; };
		9E6554161BF741B6006F4AB4 /* ChatViewController.m */ = {isa = PBXFileReference; fileEncoding = 4; lastKnownFileType = sourcecode.c.objc; path = ChatViewController.m; sourceTree = "<group>"; };
		9E65541C1BF74775006F4AB4 /* MessageTableViewCell.h */ = {isa = PBXFileReference; fileEncoding = 4; lastKnownFileType = sourcecode.c.h; path = MessageTableViewCell.h; sourceTree = "<group>"; };
		9E65541D1BF74775006F4AB4 /* MessageTableViewCell.m */ = {isa = PBXFileReference; fileEncoding = 4; lastKnownFileType = sourcecode.c.objc; path = MessageTableViewCell.m; sourceTree = "<group>"; };
		9E6554241BF76A1E006F4AB4 /* HTTPResourcesManager.h */ = {isa = PBXFileReference; fileEncoding = 4; lastKnownFileType = sourcecode.c.h; path = HTTPResourcesManager.h; sourceTree = "<group>"; };
		9E6554251BF76A1E006F4AB4 /* HTTPResourcesManager.m */ = {isa = PBXFileReference; fileEncoding = 4; lastKnownFileType = sourcecode.c.objc; path = HTTPResourcesManager.m; sourceTree = "<group>"; };
		9E6554271BF77D02006F4AB4 /* PaginationData.h */ = {isa = PBXFileReference; fileEncoding = 4; lastKnownFileType = sourcecode.c.h; path = PaginationData.h; sourceTree = "<group>"; };
		9E6554281BF77D02006F4AB4 /* PaginationData.m */ = {isa = PBXFileReference; fileEncoding = 4; lastKnownFileType = sourcecode.c.objc; path = PaginationData.m; sourceTree = "<group>"; };
		9E65542A1BF8C4E9006F4AB4 /* NewChannelViewController.h */ = {isa = PBXFileReference; fileEncoding = 4; lastKnownFileType = sourcecode.c.h; path = NewChannelViewController.h; sourceTree = "<group>"; };
		9E65542B1BF8C4E9006F4AB4 /* NewChannelViewController.m */ = {isa = PBXFileReference; fileEncoding = 4; lastKnownFileType = sourcecode.c.objc; path = NewChannelViewController.m; sourceTree = "<group>"; };
		9EB7941A1BFB231300F351FB /* Label.h */ = {isa = PBXFileReference; fileEncoding = 4; lastKnownFileType = sourcecode.c.h; path = Label.h; sourceTree = "<group>"; };
		9EB7941B1BFB231300F351FB /* Label.m */ = {isa = PBXFileReference; fileEncoding = 4; lastKnownFileType = sourcecode.c.objc; path = Label.m; sourceTree = "<group>"; };
		9EB794291BFB5DB900F351FB /* LoginViewController.h */ = {isa = PBXFileReference; fileEncoding = 4; lastKnownFileType = sourcecode.c.h; path = LoginViewController.h; sourceTree = "<group>"; };
		9EB7942A1BFB5DB900F351FB /* LoginViewController.m */ = {isa = PBXFileReference; fileEncoding = 4; lastKnownFileType = sourcecode.c.objc; path = LoginViewController.m; sourceTree = "<group>"; };
		9EB7942C1BFB5DC800F351FB /* RegisterViewController.h */ = {isa = PBXFileReference; fileEncoding = 4; lastKnownFileType = sourcecode.c.h; path = RegisterViewController.h; sourceTree = "<group>"; };
		9EB7942D1BFB5DC800F351FB /* RegisterViewController.m */ = {isa = PBXFileReference; fileEncoding = 4; lastKnownFileType = sourcecode.c.objc; path = RegisterViewController.m; sourceTree = "<group>"; };
		9EB794601BFB97EA00F351FB /* Default-568h@2x.png */ = {isa = PBXFileReference; lastKnownFileType = image.png; path = "Default-568h@2x.png"; sourceTree = "<group>"; };
/* End PBXFileReference section */

/* Begin PBXFrameworksBuildPhase section */
		9E6553D61BF4BB96006F4AB4 /* Frameworks */ = {
			isa = PBXFrameworksBuildPhase;
			buildActionMask = 2147483647;
			files = (
				BBE39897F6BDFCD59769E251 /* libPods-simplechat.a in Frameworks */,
			);
			runOnlyForDeploymentPostprocessing = 0;
		};
		9E6553EF1BF4BB96006F4AB4 /* Frameworks */ = {
			isa = PBXFrameworksBuildPhase;
			buildActionMask = 2147483647;
			files = (
			);
			runOnlyForDeploymentPostprocessing = 0;
		};
/* End PBXFrameworksBuildPhase section */

/* Begin PBXGroup section */
		48B3D779E693DAFB53450936 /* Frameworks */ = {
			isa = PBXGroup;
			children = (
				2F740EB428AFC8E9706E4461 /* libPods-simplechat.a */,
			);
			name = Frameworks;
			sourceTree = "<group>";
		};
		9E6553D01BF4BB96006F4AB4 = {
			isa = PBXGroup;
			children = (
				9E6553DB1BF4BB96006F4AB4 /* simplechat */,
				9E6553F51BF4BB96006F4AB4 /* simplechatTests */,
				9E6553DA1BF4BB96006F4AB4 /* Products */,
				DD7BF75CB4341591F446FCD3 /* Pods */,
				48B3D779E693DAFB53450936 /* Frameworks */,
			);
			sourceTree = "<group>";
		};
		9E6553DA1BF4BB96006F4AB4 /* Products */ = {
			isa = PBXGroup;
			children = (
				9E6553D91BF4BB96006F4AB4 /* simplechat.app */,
				9E6553F21BF4BB96006F4AB4 /* simplechatTests.xctest */,
			);
			name = Products;
			sourceTree = "<group>";
		};
		9E6553DB1BF4BB96006F4AB4 /* simplechat */ = {
			isa = PBXGroup;
			children = (
				9E6554081BF73B24006F4AB4 /* Helpers */,
				9E6554071BF73B17006F4AB4 /* Views */,
				9E6554061BF73B10006F4AB4 /* Models */,
				9E6554051BF73B03006F4AB4 /* Controllers */,
				9E6553DC1BF4BB96006F4AB4 /* Supporting Files */,
				9E6553DF1BF4BB96006F4AB4 /* AppDelegate.h */,
				9E6553E01BF4BB96006F4AB4 /* AppDelegate.m */,
			);
			path = simplechat;
			sourceTree = "<group>";
		};
		9E6553DC1BF4BB96006F4AB4 /* Supporting Files */ = {
			isa = PBXGroup;
			children = (
				9EB794601BFB97EA00F351FB /* Default-568h@2x.png */,
				9E6553ED1BF4BB96006F4AB4 /* Info.plist */,
				9E6553DD1BF4BB96006F4AB4 /* main.m */,
			);
			name = "Supporting Files";
			sourceTree = "<group>";
		};
		9E6553F51BF4BB96006F4AB4 /* simplechatTests */ = {
			isa = PBXGroup;
			children = (
				9E6553F61BF4BB96006F4AB4 /* simplechatTests.m */,
			);
			path = simplechatTests;
			sourceTree = "<group>";
		};
		9E6554051BF73B03006F4AB4 /* Controllers */ = {
			isa = PBXGroup;
			children = (
				9E6553E21BF4BB96006F4AB4 /* ChannelsTableViewController.h */,
				9E6553E31BF4BB96006F4AB4 /* ChannelsTableViewController.m */,
				9E6554151BF741B6006F4AB4 /* ChatViewController.h */,
				9E6554161BF741B6006F4AB4 /* ChatViewController.m */,
				9E65542A1BF8C4E9006F4AB4 /* NewChannelViewController.h */,
				9E65542B1BF8C4E9006F4AB4 /* NewChannelViewController.m */,
				9EB794291BFB5DB900F351FB /* LoginViewController.h */,
				9EB7942A1BFB5DB900F351FB /* LoginViewController.m */,
				9EB7942C1BFB5DC800F351FB /* RegisterViewController.h */,
				9EB7942D1BFB5DC800F351FB /* RegisterViewController.m */,
			);
			name = Controllers;
			sourceTree = "<group>";
		};
		9E6554061BF73B10006F4AB4 /* Models */ = {
			isa = PBXGroup;
			children = (
				9E6554091BF73F0B006F4AB4 /* Channel.h */,
				9E65540A1BF73F0B006F4AB4 /* Channel.m */,
				9E65540D1BF73F42006F4AB4 /* User.h */,
				9E65540E1BF73F42006F4AB4 /* User.m */,
				9E6554111BF73F57006F4AB4 /* Message.h */,
				9E6554121BF73F57006F4AB4 /* Message.m */,
				9E6554271BF77D02006F4AB4 /* PaginationData.h */,
				9E6554281BF77D02006F4AB4 /* PaginationData.m */,
			);
			name = Models;
			sourceTree = "<group>";
		};
		9E6554071BF73B17006F4AB4 /* Views */ = {
			isa = PBXGroup;
			children = (
				9E65541C1BF74775006F4AB4 /* MessageTableViewCell.h */,
				9E65541D1BF74775006F4AB4 /* MessageTableViewCell.m */,
				9EB7941A1BFB231300F351FB /* Label.h */,
				9EB7941B1BFB231300F351FB /* Label.m */,
			);
			name = Views;
			sourceTree = "<group>";
		};
		9E6554081BF73B24006F4AB4 /* Helpers */ = {
			isa = PBXGroup;
			children = (
				9E6554241BF76A1E006F4AB4 /* HTTPResourcesManager.h */,
				9E6554251BF76A1E006F4AB4 /* HTTPResourcesManager.m */,
			);
			name = Helpers;
			sourceTree = "<group>";
		};
		DD7BF75CB4341591F446FCD3 /* Pods */ = {
			isa = PBXGroup;
			children = (
				8D3E109FADC284FE5B0D30CC /* Pods-simplechat.debug.xcconfig */,
				8E5F8231E56F685992EE4E4E /* Pods-simplechat.release.xcconfig */,
			);
			name = Pods;
			sourceTree = "<group>";
		};
/* End PBXGroup section */

/* Begin PBXNativeTarget section */
		9E6553D81BF4BB96006F4AB4 /* simplechat */ = {
			isa = PBXNativeTarget;
			buildConfigurationList = 9E6553FB1BF4BB96006F4AB4 /* Build configuration list for PBXNativeTarget "simplechat" */;
			buildPhases = (
				47C57F197B6596262A8B45C5 /* Check Pods Manifest.lock */,
				9E6553D51BF4BB96006F4AB4 /* Sources */,
				9E6553D61BF4BB96006F4AB4 /* Frameworks */,
				9E6553D71BF4BB96006F4AB4 /* Resources */,
				D57AAC8A51ACB06864E989E7 /* Embed Pods Frameworks */,
				209DAE4AEEE469CBC5860AC5 /* Copy Pods Resources */,
			);
			buildRules = (
			);
			dependencies = (
			);
			name = simplechat;
			productName = simplechat;
			productReference = 9E6553D91BF4BB96006F4AB4 /* simplechat.app */;
			productType = "com.apple.product-type.application";
		};
		9E6553F11BF4BB96006F4AB4 /* simplechatTests */ = {
			isa = PBXNativeTarget;
			buildConfigurationList = 9E6553FE1BF4BB96006F4AB4 /* Build configuration list for PBXNativeTarget "simplechatTests" */;
			buildPhases = (
				9E6553EE1BF4BB96006F4AB4 /* Sources */,
				9E6553EF1BF4BB96006F4AB4 /* Frameworks */,
				9E6553F01BF4BB96006F4AB4 /* Resources */,
			);
			buildRules = (
			);
			dependencies = (
				9E6553F41BF4BB96006F4AB4 /* PBXTargetDependency */,
			);
			name = simplechatTests;
			productName = simplechatTests;
			productReference = 9E6553F21BF4BB96006F4AB4 /* simplechatTests.xctest */;
			productType = "com.apple.product-type.bundle.unit-test";
		};
/* End PBXNativeTarget section */

/* Begin PBXProject section */
		9E6553D11BF4BB96006F4AB4 /* Project object */ = {
			isa = PBXProject;
			attributes = {
				LastUpgradeCheck = 0710;
				ORGANIZATIONNAME = dmc0re;
				TargetAttributes = {
					9E6553D81BF4BB96006F4AB4 = {
						CreatedOnToolsVersion = 7.1;
						DevelopmentTeam = QSUCE4L4H4;
					};
					9E6553F11BF4BB96006F4AB4 = {
						CreatedOnToolsVersion = 7.1;
						TestTargetID = 9E6553D81BF4BB96006F4AB4;
					};
				};
			};
			buildConfigurationList = 9E6553D41BF4BB96006F4AB4 /* Build configuration list for PBXProject "simplechat" */;
			compatibilityVersion = "Xcode 3.2";
			developmentRegion = English;
			hasScannedForEncodings = 0;
			knownRegions = (
				en,
				Base,
			);
			mainGroup = 9E6553D01BF4BB96006F4AB4;
			productRefGroup = 9E6553DA1BF4BB96006F4AB4 /* Products */;
			projectDirPath = "";
			projectRoot = "";
			targets = (
				9E6553D81BF4BB96006F4AB4 /* simplechat */,
				9E6553F11BF4BB96006F4AB4 /* simplechatTests */,
			);
		};
/* End PBXProject section */

/* Begin PBXResourcesBuildPhase section */
		9E6553D71BF4BB96006F4AB4 /* Resources */ = {
			isa = PBXResourcesBuildPhase;
			buildActionMask = 2147483647;
			files = (
				9EB794641BFB99EE00F351FB /* Default-568h@2x.png in Resources */,
			);
			runOnlyForDeploymentPostprocessing = 0;
		};
		9E6553F01BF4BB96006F4AB4 /* Resources */ = {
			isa = PBXResourcesBuildPhase;
			buildActionMask = 2147483647;
			files = (
			);
			runOnlyForDeploymentPostprocessing = 0;
		};
/* End PBXResourcesBuildPhase section */

/* Begin PBXShellScriptBuildPhase section */
		209DAE4AEEE469CBC5860AC5 /* Copy Pods Resources */ = {
			isa = PBXShellScriptBuildPhase;
			buildActionMask = 2147483647;
			files = (
			);
			inputPaths = (
			);
			name = "Copy Pods Resources";
			outputPaths = (
			);
			runOnlyForDeploymentPostprocessing = 0;
			shellPath = /bin/sh;
			shellScript = "\"${SRCROOT}/Pods/Target Support Files/Pods-simplechat/Pods-simplechat-resources.sh\"\n";
			showEnvVarsInLog = 0;
		};
		47C57F197B6596262A8B45C5 /* Check Pods Manifest.lock */ = {
			isa = PBXShellScriptBuildPhase;
			buildActionMask = 2147483647;
			files = (
			);
			inputPaths = (
			);
			name = "Check Pods Manifest.lock";
			outputPaths = (
			);
			runOnlyForDeploymentPostprocessing = 0;
			shellPath = /bin/sh;
			shellScript = "diff \"${PODS_ROOT}/../Podfile.lock\" \"${PODS_ROOT}/Manifest.lock\" > /dev/null\nif [[ $? != 0 ]] ; then\n    cat << EOM\nerror: The sandbox is not in sync with the Podfile.lock. Run 'pod install' or update your CocoaPods installation.\nEOM\n    exit 1\nfi\n";
			showEnvVarsInLog = 0;
		};
		D57AAC8A51ACB06864E989E7 /* Embed Pods Frameworks */ = {
			isa = PBXShellScriptBuildPhase;
			buildActionMask = 2147483647;
			files = (
			);
			inputPaths = (
			);
			name = "Embed Pods Frameworks";
			outputPaths = (
			);
			runOnlyForDeploymentPostprocessing = 0;
			shellPath = /bin/sh;
			shellScript = "\"${SRCROOT}/Pods/Target Support Files/Pods-simplechat/Pods-simplechat-frameworks.sh\"\n";
			showEnvVarsInLog = 0;
		};
/* End PBXShellScriptBuildPhase section */

/* Begin PBXSourcesBuildPhase section */
		9E6553D51BF4BB96006F4AB4 /* Sources */ = {
			isa = PBXSourcesBuildPhase;
			buildActionMask = 2147483647;
			files = (
				9E65540F1BF73F42006F4AB4 /* User.m in Sources */,
				9E6554291BF77D02006F4AB4 /* PaginationData.m in Sources */,
				9EB7942B1BFB5DB900F351FB /* LoginViewController.m in Sources */,
				9E65541E1BF74775006F4AB4 /* MessageTableViewCell.m in Sources */,
				9E6554131BF73F57006F4AB4 /* Message.m in Sources */,
				9E6553E41BF4BB96006F4AB4 /* ChannelsTableViewController.m in Sources */,
				9E65540B1BF73F0B006F4AB4 /* Channel.m in Sources */,
				9E6553E11BF4BB96006F4AB4 /* AppDelegate.m in Sources */,
				9E6554261BF76A1E006F4AB4 /* HTTPResourcesManager.m in Sources */,
				9EB7941C1BFB231300F351FB /* Label.m in Sources */,
				9E6554181BF741B6006F4AB4 /* ChatViewController.m in Sources */,
				9EB7942E1BFB5DC800F351FB /* RegisterViewController.m in Sources */,
				9E6553DE1BF4BB96006F4AB4 /* main.m in Sources */,
				9E65542C1BF8C4E9006F4AB4 /* NewChannelViewController.m in Sources */,
			);
			runOnlyForDeploymentPostprocessing = 0;
		};
		9E6553EE1BF4BB96006F4AB4 /* Sources */ = {
			isa = PBXSourcesBuildPhase;
			buildActionMask = 2147483647;
			files = (
				9E6553F71BF4BB96006F4AB4 /* simplechatTests.m in Sources */,
				9E6554191BF741B6006F4AB4 /* ChatViewController.m in Sources */,
				9E6554141BF73F57006F4AB4 /* Message.m in Sources */,
				9E65540C1BF73F0B006F4AB4 /* Channel.m in Sources */,
				9E6554101BF73F42006F4AB4 /* User.m in Sources */,
				9E65541F1BF74775006F4AB4 /* MessageTableViewCell.m in Sources */,
			);
			runOnlyForDeploymentPostprocessing = 0;
		};
/* End PBXSourcesBuildPhase section */

/* Begin PBXTargetDependency section */
		9E6553F41BF4BB96006F4AB4 /* PBXTargetDependency */ = {
			isa = PBXTargetDependency;
			target = 9E6553D81BF4BB96006F4AB4 /* simplechat */;
			targetProxy = 9E6553F31BF4BB96006F4AB4 /* PBXContainerItemProxy */;
		};
/* End PBXTargetDependency section */

/* Begin XCBuildConfiguration section */
		9E6553F91BF4BB96006F4AB4 /* Debug */ = {
			isa = XCBuildConfiguration;
			buildSettings = {
				ALWAYS_SEARCH_USER_PATHS = NO;
				ASSETCATALOG_COMPILER_LAUNCHIMAGE_NAME = "";
				CLANG_CXX_LANGUAGE_STANDARD = "gnu++0x";
				CLANG_CXX_LIBRARY = "libc++";
				CLANG_ENABLE_MODULES = YES;
				CLANG_ENABLE_OBJC_ARC = YES;
				CLANG_WARN_BOOL_CONVERSION = YES;
				CLANG_WARN_CONSTANT_CONVERSION = YES;
				CLANG_WARN_DIRECT_OBJC_ISA_USAGE = YES_ERROR;
				CLANG_WARN_EMPTY_BODY = YES;
				CLANG_WARN_ENUM_CONVERSION = YES;
				CLANG_WARN_INT_CONVERSION = YES;
				CLANG_WARN_OBJC_ROOT_CLASS = YES_ERROR;
				CLANG_WARN_UNREACHABLE_CODE = YES;
				CLANG_WARN__DUPLICATE_METHOD_MATCH = YES;
				"CODE_SIGN_IDENTITY[sdk=iphoneos*]" = "iPhone Developer";
				COPY_PHASE_STRIP = NO;
				DEBUG_INFORMATION_FORMAT = dwarf;
				ENABLE_STRICT_OBJC_MSGSEND = YES;
				ENABLE_TESTABILITY = YES;
				GCC_C_LANGUAGE_STANDARD = gnu99;
				GCC_DYNAMIC_NO_PIC = NO;
				GCC_NO_COMMON_BLOCKS = YES;
				GCC_OPTIMIZATION_LEVEL = 0;
				GCC_PREPROCESSOR_DEFINITIONS = (
					"DEBUG=1",
					"$(inherited)",
				);
				GCC_WARN_64_TO_32_BIT_CONVERSION = YES;
				GCC_WARN_ABOUT_RETURN_TYPE = YES_ERROR;
				GCC_WARN_UNDECLARED_SELECTOR = YES;
				GCC_WARN_UNINITIALIZED_AUTOS = YES_AGGRESSIVE;
				GCC_WARN_UNUSED_FUNCTION = YES;
				GCC_WARN_UNUSED_VARIABLE = YES;
				IPHONEOS_DEPLOYMENT_TARGET = 7.1;
				MTL_ENABLE_DEBUG_INFO = YES;
				ONLY_ACTIVE_ARCH = YES;
				SDKROOT = iphoneos9.1;
			};
			name = Debug;
		};
		9E6553FA1BF4BB96006F4AB4 /* Release */ = {
			isa = XCBuildConfiguration;
			buildSettings = {
				ALWAYS_SEARCH_USER_PATHS = NO;
				ASSETCATALOG_COMPILER_LAUNCHIMAGE_NAME = "";
				CLANG_CXX_LANGUAGE_STANDARD = "gnu++0x";
				CLANG_CXX_LIBRARY = "libc++";
				CLANG_ENABLE_MODULES = YES;
				CLANG_ENABLE_OBJC_ARC = YES;
				CLANG_WARN_BOOL_CONVERSION = YES;
				CLANG_WARN_CONSTANT_CONVERSION = YES;
				CLANG_WARN_DIRECT_OBJC_ISA_USAGE = YES_ERROR;
				CLANG_WARN_EMPTY_BODY = YES;
				CLANG_WARN_ENUM_CONVERSION = YES;
				CLANG_WARN_INT_CONVERSION = YES;
				CLANG_WARN_OBJC_ROOT_CLASS = YES_ERROR;
				CLANG_WARN_UNREACHABLE_CODE = YES;
				CLANG_WARN__DUPLICATE_METHOD_MATCH = YES;
				"CODE_SIGN_IDENTITY[sdk=iphoneos*]" = "iPhone Developer";
				COPY_PHASE_STRIP = NO;
				DEBUG_INFORMATION_FORMAT = "dwarf-with-dsym";
				ENABLE_NS_ASSERTIONS = NO;
				ENABLE_STRICT_OBJC_MSGSEND = YES;
				GCC_C_LANGUAGE_STANDARD = gnu99;
				GCC_NO_COMMON_BLOCKS = YES;
				GCC_WARN_64_TO_32_BIT_CONVERSION = YES;
				GCC_WARN_ABOUT_RETURN_TYPE = YES_ERROR;
				GCC_WARN_UNDECLARED_SELECTOR = YES;
				GCC_WARN_UNINITIALIZED_AUTOS = YES_AGGRESSIVE;
				GCC_WARN_UNUSED_FUNCTION = YES;
				GCC_WARN_UNUSED_VARIABLE = YES;
				IPHONEOS_DEPLOYMENT_TARGET = 7.1;
				MTL_ENABLE_DEBUG_INFO = NO;
				SDKROOT = iphoneos9.1;
				VALIDATE_PRODUCT = YES;
			};
			name = Release;
		};
		9E6553FC1BF4BB96006F4AB4 /* Debug */ = {
			isa = XCBuildConfiguration;
			baseConfigurationReference = 8D3E109FADC284FE5B0D30CC /* Pods-simplechat.debug.xcconfig */;
			buildSettings = {
				CODE_SIGN_IDENTITY = "iPhone Developer";
				"CODE_SIGN_IDENTITY[sdk=iphoneos*]" = "iPhone Developer";
				INFOPLIST_FILE = simplechat/Info.plist;
				LD_RUNPATH_SEARCH_PATHS = "$(inherited) @executable_path/Frameworks";
				PRODUCT_BUNDLE_IDENTIFIER = home.simplechat;
				PRODUCT_NAME = "$(TARGET_NAME)";
				PROVISIONING_PROFILE = "";
				SDKROOT = iphoneos7.1;
			};
			name = Debug;
		};
		9E6553FD1BF4BB96006F4AB4 /* Release */ = {
			isa = XCBuildConfiguration;
			baseConfigurationReference = 8E5F8231E56F685992EE4E4E /* Pods-simplechat.release.xcconfig */;
			buildSettings = {
				CODE_SIGN_IDENTITY = "iPhone Developer";
				"CODE_SIGN_IDENTITY[sdk=iphoneos*]" = "iPhone Developer";
				INFOPLIST_FILE = simplechat/Info.plist;
				LD_RUNPATH_SEARCH_PATHS = "$(inherited) @executable_path/Frameworks";
				PRODUCT_BUNDLE_IDENTIFIER = home.simplechat;
				PRODUCT_NAME = "$(TARGET_NAME)";
				PROVISIONING_PROFILE = "";
				SDKROOT = iphoneos7.1;
			};
			name = Release;
		};
		9E6553FF1BF4BB96006F4AB4 /* Debug */ = {
			isa = XCBuildConfiguration;
			buildSettings = {
				BUNDLE_LOADER = "$(TEST_HOST)";
				INFOPLIST_FILE = simplechatTests/Info.plist;
				LD_RUNPATH_SEARCH_PATHS = "$(inherited) @executable_path/Frameworks @loader_path/Frameworks";
				PRODUCT_BUNDLE_IDENTIFIER = home.simplechatTests;
				PRODUCT_NAME = "$(TARGET_NAME)";
				TEST_HOST = "$(BUILT_PRODUCTS_DIR)/simplechat.app/simplechat";
			};
			name = Debug;
		};
		9E6554001BF4BB96006F4AB4 /* Release */ = {
			isa = XCBuildConfiguration;
			buildSettings = {
				BUNDLE_LOADER = "$(TEST_HOST)";
				INFOPLIST_FILE = simplechatTests/Info.plist;
				LD_RUNPATH_SEARCH_PATHS = "$(inherited) @executable_path/Frameworks @loader_path/Frameworks";
				PRODUCT_BUNDLE_IDENTIFIER = home.simplechatTests;
				PRODUCT_NAME = "$(TARGET_NAME)";
				TEST_HOST = "$(BUILT_PRODUCTS_DIR)/simplechat.app/simplechat";
			};
			name = Release;
		};
/* End XCBuildConfiguration section */

/* Begin XCConfigurationList section */
		9E6553D41BF4BB96006F4AB4 /* Build configuration list for PBXProject "simplechat" */ = {
			isa = XCConfigurationList;
			buildConfigurations = (
				9E6553F91BF4BB96006F4AB4 /* Debug */,
				9E6553FA1BF4BB96006F4AB4 /* Release */,
			);
			defaultConfigurationIsVisible = 0;
			defaultConfigurationName = Release;
		};
		9E6553FB1BF4BB96006F4AB4 /* Build configuration list for PBXNativeTarget "simplechat" */ = {
			isa = XCConfigurationList;
			buildConfigurations = (
				9E6553FC1BF4BB96006F4AB4 /* Debug */,
				9E6553FD1BF4BB96006F4AB4 /* Release */,
			);
			defaultConfigurationIsVisible = 0;
			defaultConfigurationName = Release;
		};
		9E6553FE1BF4BB96006F4AB4 /* Build configuration list for PBXNativeTarget "simplechatTests" */ = {
			isa = XCConfigurationList;
			buildConfigurations = (
				9E6553FF1BF4BB96006F4AB4 /* Debug */,
				9E6554001BF4BB96006F4AB4 /* Release */,
			);
			defaultConfigurationIsVisible = 0;
			defaultConfigurationName = Release;
		};
/* End XCConfigurationList section */
	};
	rootObject = 9E6553D11BF4BB96006F4AB4 /* Project object */;
}
